# THIS IS AN AUTOGENERATED FILE. DO NOT EDIT THIS FILE DIRECTLY.
# yarn lockfile v1


"@csstools/convert-colors@2.0.0":
  version "2.0.0"
  resolved "https://registry.yarnpkg.com/@csstools/convert-colors/-/convert-colors-2.0.0.tgz#6dd323583b40cfe05aaaca30debbb30f26742bbf"
  integrity sha512-P7BVvddsP2Wl5v3drJ3ArzpdfXMqoZ/oHOV/yFiGFb3JQr9Z9UXZ9tnHAKJsO89lfprR1F9ExW3Yij21EjEBIA==

"@hotwired/turbo@^7.1.0":
  version "7.1.0"
  resolved "https://registry.yarnpkg.com/@hotwired/turbo/-/turbo-7.1.0.tgz#27e44e0e3dc5bd1d4bda0766d579cf5a14091cd7"
  integrity sha512-Q8kGjqwPqER+CtpQudbH+3Zgs2X4zb6pBAlr6NsKTXadg45pAOvxI9i4QpuHbwSzR2+x87HUm+rot9F/Pe8rxA==

"@lit-labs/react@^1.0.1":
  version "1.0.1"
  resolved "https://registry.yarnpkg.com/@lit-labs/react/-/react-1.0.1.tgz#35f4a8fe12501f79e3973b408e67aa75dcd45ff4"
  integrity sha512-ShvoOB34Oj0ZkSnlWdGIWzSiEBP1MUY81nC3nAsNoWqbYMS2F/EskGzwSQj7mCKNznUCbmpB272AvSMwejm3Nw==

"@lit/reactive-element@^1.0.0":
  version "1.0.1"
  resolved "https://registry.yarnpkg.com/@lit/reactive-element/-/reactive-element-1.0.1.tgz#853cacd4d78d79059f33f66f8e7b0e5c34bee294"
  integrity sha512-nSD5AA2AZkKuXuvGs8IK7K5ZczLAogfDd26zT9l6S7WzvqALdVWcW5vMUiTnZyj5SPcNwNNANj0koeV1ieqTFQ==

"@popperjs/core@^2.7.0":
  version "2.10.2"
  resolved "https://registry.yarnpkg.com/@popperjs/core/-/core-2.10.2.tgz#0798c03351f0dea1a5a4cabddf26a55a7cbee590"
  integrity sha512-IXf3XA7+XyN7CP9gGh/XB0UxVMlvARGEgGXLubFICsUMGz6Q+DU+i4gGlpOxTjKvXjkJDJC8YdqdKkDj9qZHEQ==

"@ruby2js/esbuild-plugin@^0.0.2":
  version "0.0.2"
  resolved "https://registry.yarnpkg.com/@ruby2js/esbuild-plugin/-/esbuild-plugin-0.0.2.tgz#ce0a42ad59dff4e80e7bddac55c93427a6d25a96"
  integrity sha512-gcqCBel1h7o+tJWPPL6wI4kQbBfi/BdrLmTnM+ok4dPHde+0Bb5rj0gab6S+RoXfIqXg+JoNuV8VCTNhv1+bzQ==
  dependencies:
    "@ruby2js/ruby2js" ">0.0.1"
    convert-source-map "^1.8.0"

"@ruby2js/ruby2js@>0.0.1":
  version "0.2.1"
  resolved "https://registry.yarnpkg.com/@ruby2js/ruby2js/-/ruby2js-0.2.1.tgz#0b3036e88305e1c671eb00b65006bc04e52e1a4d"
  integrity sha512-WYMhAgY2m74xbMa6tHNSUU+uCS3EA4GDZfbhEafnYtJyMsxGszpKqkrjB+9hf6FePQoMX+x4jfXM73AUgkFg7A==

"@shoelace-style/animations@^1.1.0":
  version "1.1.0"
  resolved "https://registry.yarnpkg.com/@shoelace-style/animations/-/animations-1.1.0.tgz#17539abafd6dcbf2a79e089e1593175e9f7835b5"
  integrity sha512-Be+cahtZyI2dPKRm8EZSx3YJQ+jLvEcn3xzRP7tM4tqBnvd/eW/64Xh0iOf0t2w5P8iJKfdBbpVNE9naCaOf2g==

"@shoelace-style/localize@^2.1.3":
  version "2.1.3"
  resolved "https://registry.yarnpkg.com/@shoelace-style/localize/-/localize-2.1.3.tgz#20c8d8d9ac6259764b2a502cdcde39304b594543"
  integrity sha512-AY3uF1Dzg3sBK4nKxvZ2KAjsdFxhLfHVWUpXXjIPaR+rPp8fxBWoNVvnLiROOV/cLg/zdLcU+Nn/xJdqcbEuDw==

"@shoelace-style/shoelace@^2.0.0-beta.62":
  version "2.0.0-beta.62"
  resolved "https://registry.yarnpkg.com/@shoelace-style/shoelace/-/shoelace-2.0.0-beta.62.tgz#83491da0c645cc1374dbc38e88512b95fa3d5b39"
  integrity sha512-RT8GF6IBnuznupHme5IJYWKP8v5DjC2swRbkouubw6hJLCLrIWOpQJPzwwkOiSdS7AOWKGf/SIWRdYDpNWydUA==
  dependencies:
    "@lit-labs/react" "^1.0.1"
    "@popperjs/core" "^2.7.0"
    "@shoelace-style/animations" "^1.1.0"
    "@shoelace-style/localize" "^2.1.3"
    color "4.1"
    lit "^2.0.2"
    qr-creator "^1.0.0"

"@types/trusted-types@^2.0.2":
  version "2.0.2"
  resolved "https://registry.yarnpkg.com/@types/trusted-types/-/trusted-types-2.0.2.tgz#fc25ad9943bcac11cceb8168db4f275e0e72e756"
  integrity sha512-F5DIZ36YVLE+PN+Zwws4kJogq47hNgX3Nx6WyDJ3kcplxyke3XIzB8uK5n/Lpm1HBsbGzd6nmGehL8cPekP+Tg==

autoprefixer@^10.4.0:
  version "10.4.0"
  resolved "https://registry.yarnpkg.com/autoprefixer/-/autoprefixer-10.4.0.tgz#c3577eb32a1079a440ec253e404eaf1eb21388c8"
  integrity sha512-7FdJ1ONtwzV1G43GDD0kpVMn/qbiNqyOPMFTX5nRffI+7vgWoFEc6DcXOxHJxrWNDXrZh18eDsZjvZGUljSRGA==
  dependencies:
    browserslist "^4.17.5"
    caniuse-lite "^1.0.30001272"
    fraction.js "^4.1.1"
    normalize-range "^0.1.2"
    picocolors "^1.0.0"
    postcss-value-parser "^4.1.0"

balanced-match@^1.0.0:
  version "1.0.2"
  resolved "https://registry.yarnpkg.com/balanced-match/-/balanced-match-1.0.2.tgz#e83e3a7e3f300b34cb9d87f615fa0cbf357690ee"
  integrity sha512-3oSeUO0TMV67hN1AmbXsK4yaqU7tjiHlbxRDZOpH0KW9+CeX4bRAaX0Anxt0tx2MrpRpWwQaPwIlISEJhYU5Pw==

brace-expansion@^1.1.7:
  version "1.1.11"
  resolved "https://registry.yarnpkg.com/brace-expansion/-/brace-expansion-1.1.11.tgz#3c7fcbf529d87226f3d2f52b966ff5271eb441dd"
  integrity sha512-iCuPHDFgrHX7H2vEI/5xpz07zSHB00TpugqhmYtVmMO6518mCuRMoOYFldEBl0g187ufozdaHgWKcYFb61qGiA==
  dependencies:
    balanced-match "^1.0.0"
    concat-map "0.0.1"

browserslist@^4.17.5:
  version "4.18.1"
  resolved "https://registry.yarnpkg.com/browserslist/-/browserslist-4.18.1.tgz#60d3920f25b6860eb917c6c7b185576f4d8b017f"
  integrity sha512-8ScCzdpPwR2wQh8IT82CA2VgDwjHyqMovPBZSNH54+tm4Jk2pCuv90gmAdH6J84OCRWi0b4gMe6O6XPXuJnjgQ==
  dependencies:
    caniuse-lite "^1.0.30001280"
    electron-to-chromium "^1.3.896"
    escalade "^3.1.1"
    node-releases "^2.0.1"
    picocolors "^1.0.0"

caniuse-lite@^1.0.30001272, caniuse-lite@^1.0.30001280:
  version "1.0.30001286"
  resolved "https://registry.yarnpkg.com/caniuse-lite/-/caniuse-lite-1.0.30001286.tgz#3e9debad420419618cfdf52dc9b6572b28a8fff6"
  integrity sha512-zaEMRH6xg8ESMi2eQ3R4eZ5qw/hJiVsO/HlLwniIwErij0JDr9P+8V4dtx1l+kLq6j3yy8l8W4fst1lBnat5wQ==

color-convert@^2.0.1:
  version "2.0.1"
  resolved "https://registry.yarnpkg.com/color-convert/-/color-convert-2.0.1.tgz#72d3a68d598c9bdb3af2ad1e84f21d896abd4de3"
  integrity sha512-RRECPsj7iu/xb5oKYcsFHSppFNnsj/52OVTRKb4zP5onXwVF3zVmmToNcOfGC+CRDpfK/U584fMg38ZHCaElKQ==
  dependencies:
    color-name "~1.1.4"

color-name@^1.0.0, color-name@^1.1.4, color-name@~1.1.4:
  version "1.1.4"
  resolved "https://registry.yarnpkg.com/color-name/-/color-name-1.1.4.tgz#c2a09a87acbde69543de6f63fa3995c826c536a2"
  integrity sha512-dOy+3AuW3a2wNbZHIuMZpTcgjGuLU/uBL/ubcZF9OXbDo8ff4O8yVp5Bf0efS8uEoYo5q4Fx7dY9OgQGXgAsQA==

color-string@^1.9.0:
  version "1.9.0"
  resolved "https://registry.yarnpkg.com/color-string/-/color-string-1.9.0.tgz#63b6ebd1bec11999d1df3a79a7569451ac2be8aa"
  integrity sha512-9Mrz2AQLefkH1UvASKj6v6hj/7eWgjnT/cVsR8CumieLoT+g900exWeNogqtweI8dxloXN9BDQTYro1oWu/5CQ==
  dependencies:
    color-name "^1.0.0"
    simple-swizzle "^0.2.2"

color@4.1:
  version "4.1.0"
  resolved "https://registry.yarnpkg.com/color/-/color-4.1.0.tgz#9502e6a2dcacb26adf4c60910a27628d010b3de3"
  integrity sha512-o2rkkxyLGgYoeUy1OodXpbPAQNmlNBrirQ8ODO8QutzDiDMNdezSOZLNnusQ6pUpCQJUsaJIo9DZJKqa2HgH7A==
  dependencies:
    color-convert "^2.0.1"
    color-string "^1.9.0"

concat-map@0.0.1:
  version "0.0.1"
  resolved "https://registry.yarnpkg.com/concat-map/-/concat-map-0.0.1.tgz#d8a96bd77fd68df7793a73036a3ba0d5405d477b"
  integrity sha1-2Klr13/Wjfd5OnMDajug1UBdR3s=

convert-source-map@^1.8.0:
  version "1.8.0"
  resolved "https://registry.yarnpkg.com/convert-source-map/-/convert-source-map-1.8.0.tgz#f3373c32d21b4d780dd8004514684fb791ca4369"
  integrity sha512-+OQdjP49zViI/6i7nIJpA8rAl4sV/JdPfU9nZs3VqOwGIgizICvuN2ru6fMd+4llL0tar18UYJXfZ/TWtmhUjA==
  dependencies:
    safe-buffer "~5.1.1"

css-blank-pseudo@^2.0.0:
  version "2.0.0"
  resolved "https://registry.yarnpkg.com/css-blank-pseudo/-/css-blank-pseudo-2.0.0.tgz#10667f9c5f91e4fbde76c4efac55e8eaa6ed9967"
  integrity sha512-n7fxEOyuvAVPLPb9kL4XTIK/gnp2fKQ7KFQ+9lj60W9pDn/jTr5LjS/kHHm+rES/YJ3m0S6+uJgYSuAJg9zOyA==

css-has-pseudo@^2.0.0:
  version "2.0.0"
  resolved "https://registry.yarnpkg.com/css-has-pseudo/-/css-has-pseudo-2.0.0.tgz#43ae03a990cf3d9e7356837c6b500e04037606b5"
  integrity sha512-URYSGI0ggED1W1/xOAH0Zn1bf+YL6tYh1PQzAPlWddEAyyO37mPqMbwCzSjTTNmeCR8BMNXSFLaT5xb6MERdAA==
  dependencies:
    postcss-selector-parser "^6"

css-prefers-color-scheme@^5.0.0:
  version "5.0.0"
  resolved "https://registry.yarnpkg.com/css-prefers-color-scheme/-/css-prefers-color-scheme-5.0.0.tgz#a89bc1abfe946e77a1a1e12dbc25a1439705933f"
  integrity sha512-XpzVrdwbppHm+Nnrzcb/hQb8eq1aKv4U8Oh59LsLfTsbIZZ6Fvn9razb66ihH2aTJ0VhO9n9sVm8piyKXJAZMA==

cssdb@^5.0.0:
  version "5.0.0"
  resolved "https://registry.yarnpkg.com/cssdb/-/cssdb-5.0.0.tgz#96db23e70dda3d03a32346de611f0e79fee68b7f"
  integrity sha512-Q7982SynYCtcLUBCPgUPFy2TZmDiFyimpdln8K2v4w2c07W4rXL7q5F1ksVAqOAQfxKyyUGCKSsioezKT5bU1Q==

cssesc@^3.0.0:
  version "3.0.0"
  resolved "https://registry.yarnpkg.com/cssesc/-/cssesc-3.0.0.tgz#37741919903b868565e1c09ea747445cd18983ee"
  integrity sha512-/Tb/JcjK111nNScGob5MNtsntNM1aCNUDipB/TkwZFhyDrrE47SOx/18wF2bbjgc3ZzCSKW1T5nt5EbFoAz/Vg==

electron-to-chromium@^1.3.896:
  version "1.4.16"
  resolved "https://registry.yarnpkg.com/electron-to-chromium/-/electron-to-chromium-1.4.16.tgz#38ddecc616385e6f101359d1b978c802664157d2"
  integrity sha512-BQb7FgYwnu6haWLU63/CdVW+9xhmHls3RCQUFiV4lvw3wimEHTVcUk2hkuZo76QhR8nnDdfZE7evJIZqijwPdA==

esbuild-android-arm64@0.14.2:
  version "0.14.2"
  resolved "https://registry.yarnpkg.com/esbuild-android-arm64/-/esbuild-android-arm64-0.14.2.tgz#256b7cf2f9d382a2a92a4ff4e13187587c9b7c6a"
  integrity sha512-hEixaKMN3XXCkoe+0WcexO4CcBVU5DCSUT+7P8JZiWZCbAjSkc9b6Yz2X5DSfQmRCtI/cQRU6TfMYrMQ5NBfdw==

esbuild-darwin-64@0.14.2:
  version "0.14.2"
  resolved "https://registry.yarnpkg.com/esbuild-darwin-64/-/esbuild-darwin-64-0.14.2.tgz#891a59ce6bc3aded0265f982469b3eb9571b92f8"
  integrity sha512-Uq8t0cbJQkxkQdbUfOl2wZqZ/AtLZjvJulR1HHnc96UgyzG9YlCLSDMiqjM+NANEy7/zzvwKJsy3iNC9wwqLJA==

esbuild-darwin-arm64@0.14.2:
  version "0.14.2"
  resolved "https://registry.yarnpkg.com/esbuild-darwin-arm64/-/esbuild-darwin-arm64-0.14.2.tgz#ab834fffa9c612b2901ca1e77e4695d4d8aa63a2"
  integrity sha512-619MSa17sr7YCIrUj88KzQu2ESA4jKYtIYfLU/smX6qNgxQt3Y/gzM4s6sgJ4fPQzirvmXgcHv1ZNQAs/Xh48A==

esbuild-freebsd-64@0.14.2:
  version "0.14.2"
  resolved "https://registry.yarnpkg.com/esbuild-freebsd-64/-/esbuild-freebsd-64-0.14.2.tgz#f7fc87a83f02de27d5a48472571efa1a432ae86d"
  integrity sha512-aP6FE/ZsChZpUV6F3HE3x1Pz0paoYXycJ7oLt06g0G9dhJKknPawXCqQg/WMyD+ldCEZfo7F1kavenPdIT/SGQ==

esbuild-freebsd-arm64@0.14.2:
  version "0.14.2"
  resolved "https://registry.yarnpkg.com/esbuild-freebsd-arm64/-/esbuild-freebsd-arm64-0.14.2.tgz#bc8758420431106751f3180293cac0b5bc4ce2ee"
  integrity sha512-LSm98WTb1QIhyS83+Po0KTpZNdd2XpVpI9ua5rLWqKWbKeNRFwOsjeiuwBaRNc+O32s9oC2ZMefETxHBV6VNkQ==

esbuild-linux-32@0.14.2:
  version "0.14.2"
  resolved "https://registry.yarnpkg.com/esbuild-linux-32/-/esbuild-linux-32-0.14.2.tgz#0cc2dcd816d6d66e255bc7aeac139b1d04246812"
  integrity sha512-8VxnNEyeUbiGflTKcuVc5JEPTqXfsx2O6ABwUbfS1Hp26lYPRPC7pKQK5Dxa0MBejGc50jy7YZae3EGQUQ8EkQ==

esbuild-linux-64@0.14.2:
  version "0.14.2"
  resolved "https://registry.yarnpkg.com/esbuild-linux-64/-/esbuild-linux-64-0.14.2.tgz#c790f739aa75b15c153609ea3457153fbe4db93d"
  integrity sha512-4bzMS2dNxOJoFIiHId4w+tqQzdnsch71JJV1qZnbnErSFWcR9lRgpSqWnTTFtv6XM+MvltRzSXC5wQ7AEBY6Hg==

esbuild-linux-arm64@0.14.2:
  version "0.14.2"
  resolved "https://registry.yarnpkg.com/esbuild-linux-arm64/-/esbuild-linux-arm64-0.14.2.tgz#96858a1f89ad30274dec780d0e3dd8b5691c6b0c"
  integrity sha512-RlIVp0RwJrdtasDF1vTFueLYZ8WuFzxoQ1OoRFZOTyJHCGCNgh7xJIC34gd7B7+RT0CzLBB4LcM5n0LS+hIoww==

esbuild-linux-arm@0.14.2:
  version "0.14.2"
  resolved "https://registry.yarnpkg.com/esbuild-linux-arm/-/esbuild-linux-arm-0.14.2.tgz#03e193225afa9b1215d2ec6efe8edf0c03eeed6f"
  integrity sha512-PaylahvMHhH8YMfJPMKEqi64qA0Su+d4FNfHKvlKes/2dUe4QxgbwXT9oLVgy8iJdcFMrO7By4R8fS8S0p8aVQ==

esbuild-linux-mips64le@0.14.2:
  version "0.14.2"
  resolved "https://registry.yarnpkg.com/esbuild-linux-mips64le/-/esbuild-linux-mips64le-0.14.2.tgz#972f218d2cb5125237376d40ad60a6e5356a782c"
  integrity sha512-Fdwrq2roFnO5oetIiUQQueZ3+5soCxBSJswg3MvYaXDomj47BN6oAWMZgLrFh1oVrtWrxSDLCJBenYdbm2s+qQ==

esbuild-linux-ppc64le@0.14.2:
  version "0.14.2"
  resolved "https://registry.yarnpkg.com/esbuild-linux-ppc64le/-/esbuild-linux-ppc64le-0.14.2.tgz#20b71622ac09142b0e523f633af0829def7fed6b"
  integrity sha512-vxptskw8JfCDD9QqpRO0XnsM1osuWeRjPaXX1TwdveLogYsbdFtcuiuK/4FxGiNMUr1ojtnCS2rMPbY8puc5NA==

esbuild-netbsd-64@0.14.2:
  version "0.14.2"
  resolved "https://registry.yarnpkg.com/esbuild-netbsd-64/-/esbuild-netbsd-64-0.14.2.tgz#dbd6a25117902ef67aa11d8779dd9c6bca7fbe82"
  integrity sha512-I8+LzYK5iSNpspS9eCV9sW67Rj8FgMHimGri4mKiGAmN0pNfx+hFX146rYtzGtewuxKtTsPywWteHx+hPRLDsw==

esbuild-openbsd-64@0.14.2:
  version "0.14.2"
  resolved "https://registry.yarnpkg.com/esbuild-openbsd-64/-/esbuild-openbsd-64-0.14.2.tgz#3c5f199eed459b2f88865548394c0b77383d9ca4"
  integrity sha512-120HgMe9elidWUvM2E6mMf0csrGwx8sYDqUIJugyMy1oHm+/nT08bTAVXuwYG/rkMIqsEO9AlMxuYnwR6En/3Q==

esbuild-sunos-64@0.14.2:
  version "0.14.2"
  resolved "https://registry.yarnpkg.com/esbuild-sunos-64/-/esbuild-sunos-64-0.14.2.tgz#900a681db6b76c6a7f60fc28d2bfe5b11698641c"
  integrity sha512-Q3xcf9Uyfra9UuCFxoLixVvdigo0daZaKJ97TL2KNA4bxRUPK18wwGUk3AxvgDQZpRmg82w9PnkaNYo7a+24ow==

esbuild-windows-32@0.14.2:
  version "0.14.2"
  resolved "https://registry.yarnpkg.com/esbuild-windows-32/-/esbuild-windows-32-0.14.2.tgz#61e0ba5bd95b277a55d2b997ac4c04dfe2559220"
  integrity sha512-TW7O49tPsrq+N1sW8mb3m24j/iDGa4xzAZH4wHWwoIzgtZAYPKC0hpIhufRRG/LA30bdMChO9pjJZ5mtcybtBQ==

esbuild-windows-64@0.14.2:
  version "0.14.2"
  resolved "https://registry.yarnpkg.com/esbuild-windows-64/-/esbuild-windows-64-0.14.2.tgz#6ab59ef721ff75c682a1c8ae0570dabb637abddb"
  integrity sha512-Rym6ViMNmi1E2QuQMWy0AFAfdY0wGwZD73BnzlsQBX5hZBuy/L+Speh7ucUZ16gwsrMM9v86icZUDrSN/lNBKg==

esbuild-windows-arm64@0.14.2:
  version "0.14.2"
  resolved "https://registry.yarnpkg.com/esbuild-windows-arm64/-/esbuild-windows-arm64-0.14.2.tgz#aca2a4f83d2f0d1592ad4be832ed0045fc888cda"
  integrity sha512-ZrLbhr0vX5Em/P1faMnHucjVVWPS+m3tktAtz93WkMZLmbRJevhiW1y4CbulBd2z0MEdXZ6emDa1zFHq5O5bSA==

esbuild@^0.14.2:
  version "0.14.2"
  resolved "https://registry.yarnpkg.com/esbuild/-/esbuild-0.14.2.tgz#9c1e1a652549cc33e44885eea42ea2cc6267edc2"
  integrity sha512-l076A6o/PIgcyM24s0dWmDI/b8RQf41uWoJu9I0M71CtW/YSw5T5NUeXxs5lo2tFQD+O4CW4nBHJXx3OY5NpXg==
  optionalDependencies:
    esbuild-android-arm64 "0.14.2"
    esbuild-darwin-64 "0.14.2"
    esbuild-darwin-arm64 "0.14.2"
    esbuild-freebsd-64 "0.14.2"
    esbuild-freebsd-arm64 "0.14.2"
    esbuild-linux-32 "0.14.2"
    esbuild-linux-64 "0.14.2"
    esbuild-linux-arm "0.14.2"
    esbuild-linux-arm64 "0.14.2"
    esbuild-linux-mips64le "0.14.2"
    esbuild-linux-ppc64le "0.14.2"
    esbuild-netbsd-64 "0.14.2"
    esbuild-openbsd-64 "0.14.2"
    esbuild-sunos-64 "0.14.2"
    esbuild-windows-32 "0.14.2"
    esbuild-windows-64 "0.14.2"
    esbuild-windows-arm64 "0.14.2"

escalade@^3.1.1:
  version "3.1.1"
  resolved "https://registry.yarnpkg.com/escalade/-/escalade-3.1.1.tgz#d8cfdc7000965c5a0174b4a82eaa5c0552742e40"
  integrity sha512-k0er2gUkLf8O0zKJiAhmkTnJlTvINGv7ygDNPbeIsX/TJjGJZHuh9B2UxbsaEkmlEo9MfhrSzmhIlhRlI2GXnw==

fraction.js@^4.1.1:
  version "4.1.2"
  resolved "https://registry.yarnpkg.com/fraction.js/-/fraction.js-4.1.2.tgz#13e420a92422b6cf244dff8690ed89401029fbe8"
  integrity sha512-o2RiJQ6DZaR/5+Si0qJUIy637QMRudSi9kU/FFzx9EZazrIdnBgpU+3sEWCxAVhH2RtxW2Oz+T4p2o8uOPVcgA==

fs.realpath@^1.0.0:
  version "1.0.0"
  resolved "https://registry.yarnpkg.com/fs.realpath/-/fs.realpath-1.0.0.tgz#1504ad2523158caa40db4a2787cb01411994ea4f"
  integrity sha1-FQStJSMVjKpA20onh8sBQRmU6k8=

function-bind@^1.1.1:
  version "1.1.1"
  resolved "https://registry.yarnpkg.com/function-bind/-/function-bind-1.1.1.tgz#a56899d3ea3c9bab874bb9773b7c5ede92f4895d"
  integrity sha512-yIovAzMX49sF8Yl58fSCWJ5svSLuaibPxXQJFLmBObTuCr0Mf1KiPopGM9NiFjiYBCbfaa2Fh6breQ6ANVTI0A==

glob@^7.2.0:
  version "7.2.0"
  resolved "https://registry.yarnpkg.com/glob/-/glob-7.2.0.tgz#d15535af7732e02e948f4c41628bd910293f6023"
  integrity sha512-lmLf6gtyrPq8tTjSmrO94wBeQbFR3HbLHbuyD69wuyQkImp2hWqMGB47OX65FBkPffO641IP9jWa1z4ivqG26Q==
  dependencies:
    fs.realpath "^1.0.0"
    inflight "^1.0.4"
    inherits "2"
    minimatch "^3.0.4"
    once "^1.3.0"
    path-is-absolute "^1.0.0"

has@^1.0.3:
  version "1.0.3"
  resolved "https://registry.yarnpkg.com/has/-/has-1.0.3.tgz#722d7cbfc1f6aa8241f16dd814e011e1f41e8796"
  integrity sha512-f2dvO0VU6Oej7RkWJGrehjbzMAjFp5/VKPp5tTpWIV4JHHZK1/BxbFRtf/siA2SWTe09caDmVtYYzWEIbBS4zw==
  dependencies:
    function-bind "^1.1.1"

import-cwd@^3.0.0:
  version "3.0.0"
  resolved "https://registry.yarnpkg.com/import-cwd/-/import-cwd-3.0.0.tgz#20845547718015126ea9b3676b7592fb8bd4cf92"
  integrity sha512-4pnzH16plW+hgvRECbDWpQl3cqtvSofHWh44met7ESfZ8UZOWWddm8hEyDTqREJ9RbYHY8gi8DqmaelApoOGMg==
  dependencies:
    import-from "^3.0.0"

import-from@^3.0.0:
  version "3.0.0"
  resolved "https://registry.yarnpkg.com/import-from/-/import-from-3.0.0.tgz#055cfec38cd5a27d8057ca51376d7d3bf0891966"
  integrity sha512-CiuXOFFSzkU5x/CR0+z7T91Iht4CXgfCxVOFRhh2Zyhg5wOpWvvDLQUsWl+gcN+QscYBjez8hDCt85O7RLDttQ==
  dependencies:
    resolve-from "^5.0.0"

inflight@^1.0.4:
  version "1.0.6"
  resolved "https://registry.yarnpkg.com/inflight/-/inflight-1.0.6.tgz#49bd6331d7d02d0c09bc910a1075ba8165b56df9"
  integrity sha1-Sb1jMdfQLQwJvJEKEHW6gWW1bfk=
  dependencies:
    once "^1.3.0"
    wrappy "1"

inherits@2:
  version "2.0.4"
  resolved "https://registry.yarnpkg.com/inherits/-/inherits-2.0.4.tgz#0fa2c64f932917c3433a0ded55363aae37416b7c"
  integrity sha512-k/vGaX4/Yla3WzyMCvTQOXYeIHvqOKtnqBduzTHpzpQZzAskKMhZ2K+EnBiSM9zGSoIFeMpXKxa4dYeZIQqewQ==

is-arrayish@^0.3.1:
  version "0.3.2"
  resolved "https://registry.yarnpkg.com/is-arrayish/-/is-arrayish-0.3.2.tgz#4574a2ae56f7ab206896fb431eaeed066fdf8f03"
  integrity sha512-eVRqCvVlZbuw3GrM63ovNSNAeA1K16kaR/LRY/92w0zxQ5/1YzwblUX652i4Xs9RwAGjW9d9y6X88t8OaAJfWQ==

is-core-module@^2.2.0:
  version "2.8.0"
  resolved "https://registry.yarnpkg.com/is-core-module/-/is-core-module-2.8.0.tgz#0321336c3d0925e497fd97f5d95cb114a5ccd548"
  integrity sha512-vd15qHsaqrRL7dtH6QNuy0ndJmRDrS9HAM1CAiSifNUFv4x1a0CCVsj18hJ1mShxIG6T2i1sO78MkP56r0nYRw==
  dependencies:
    has "^1.0.3"

is-url-superb@^4.0.0:
  version "4.0.0"
  resolved "https://registry.yarnpkg.com/is-url-superb/-/is-url-superb-4.0.0.tgz#b54d1d2499bb16792748ac967aa3ecb41a33a8c2"
  integrity sha512-GI+WjezhPPcbM+tqE9LnmsY5qqjwHzTvjJ36wxYX5ujNXefSUJ/T17r5bqDV8yLhcgB59KTPNOc9O9cmHTPWsA==

lilconfig@^2.0.3:
  version "2.0.4"
  resolved "https://registry.yarnpkg.com/lilconfig/-/lilconfig-2.0.4.tgz#f4507d043d7058b380b6a8f5cb7bcd4b34cee082"
  integrity sha512-bfTIN7lEsiooCocSISTWXkiWJkRqtL9wYtYy+8EK3Y41qh3mpwPU0ycTOgjdY9ErwXCc8QyrQp82bdL0Xkm9yA==

lit-element@^3.0.0:
  version "3.0.1"
  resolved "https://registry.yarnpkg.com/lit-element/-/lit-element-3.0.1.tgz#3c545af17d8a46268bc1dd5623a47486e6ff76f4"
  integrity sha512-vs9uybH9ORyK49CFjoNGN85HM9h5bmisU4TQ63phe/+GYlwvY/3SIFYKdjV6xNvzz8v2MnVC+9+QOkPqh+Q3Ew==
  dependencies:
    "@lit/reactive-element" "^1.0.0"
    lit-html "^2.0.0"

lit-html@^2.0.0:
  version "2.0.1"
  resolved "https://registry.yarnpkg.com/lit-html/-/lit-html-2.0.1.tgz#63241015efa07bc9259b6f96f04abd052d2a1f95"
  integrity sha512-KF5znvFdXbxTYM/GjpdOOnMsjgRcFGusTnB54ixnCTya5zUR0XqrDRj29ybuLS+jLXv1jji6Y8+g4W7WP8uL4w==
  dependencies:
    "@types/trusted-types" "^2.0.2"

lit@^2.0.2:
  version "2.0.2"
  resolved "https://registry.yarnpkg.com/lit/-/lit-2.0.2.tgz#5e6f422924e0732258629fb379556b6d23f7179c"
  integrity sha512-hKA/1YaSB+P+DvKWuR2q1Xzy/iayhNrJ3aveD0OQ9CKn6wUjsdnF/7LavDOJsKP/K5jzW/kXsuduPgRvTFrFJw==
  dependencies:
    "@lit/reactive-element" "^1.0.0"
    lit-element "^3.0.0"
    lit-html "^2.0.0"

minimatch@^3.0.4:
  version "3.0.4"
  resolved "https://registry.yarnpkg.com/minimatch/-/minimatch-3.0.4.tgz#5166e286457f03306064be5497e8dbb0c3d32083"
  integrity sha512-yJHVQEhyqPLUTgt9B83PXu6W3rx4MvvHvSUvToogpwoGDOUQ+yDrR0HRot+yOCdCO7u4hX3pWft6kWBBcqh0UA==
  dependencies:
    brace-expansion "^1.1.7"

nanoid@^3.1.30:
  version "3.1.30"
  resolved "https://registry.yarnpkg.com/nanoid/-/nanoid-3.1.30.tgz#63f93cc548d2a113dc5dfbc63bfa09e2b9b64362"
  integrity sha512-zJpuPDwOv8D2zq2WRoMe1HsfZthVewpel9CAvTfc/2mBD1uUT/agc5f7GHGWXlYkFvi1mVxe4IjvP2HNrop7nQ==

node-releases@^2.0.1:
  version "2.0.1"
  resolved "https://registry.yarnpkg.com/node-releases/-/node-releases-2.0.1.tgz#3d1d395f204f1f2f29a54358b9fb678765ad2fc5"
  integrity sha512-CqyzN6z7Q6aMeF/ktcMVTzhAHCEpf8SOarwpzpf8pNBY2k5/oM34UHldUwp8VKI7uxct2HxSRdJjBaZeESzcxA==

normalize-range@^0.1.2:
  version "0.1.2"
  resolved "https://registry.yarnpkg.com/normalize-range/-/normalize-range-0.1.2.tgz#2d10c06bdfd312ea9777695a4d28439456b75942"
  integrity sha1-LRDAa9/TEuqXd2laTShDlFa3WUI=

once@^1.3.0:
  version "1.4.0"
  resolved "https://registry.yarnpkg.com/once/-/once-1.4.0.tgz#583b1aa775961d4b113ac17d9c50baef9dd76bd1"
  integrity sha1-WDsap3WWHUsROsF9nFC6753Xa9E=
  dependencies:
    wrappy "1"

path-is-absolute@^1.0.0:
  version "1.0.1"
  resolved "https://registry.yarnpkg.com/path-is-absolute/-/path-is-absolute-1.0.1.tgz#174b9268735534ffbc7ace6bf53a5a9e1b5c5f5f"
  integrity sha1-F0uSaHNVNP+8es5r9TpanhtcX18=

path-parse@^1.0.6:
  version "1.0.7"
  resolved "https://registry.yarnpkg.com/path-parse/-/path-parse-1.0.7.tgz#fbc114b60ca42b30d9daf5858e4bd68bbedb6735"
  integrity sha512-LDJzPVEEEPR+y48z93A0Ed0yXb8pAByGWo/k5YYdYgpY2/2EsOsksJrq7lOHxryrVOn1ejG6oAp8ahvOIQD8sw==

picocolors@^1.0.0:
  version "1.0.0"
  resolved "https://registry.yarnpkg.com/picocolors/-/picocolors-1.0.0.tgz#cb5bdc74ff3f51892236eaf79d68bc44564ab81c"
  integrity sha512-1fygroTLlHu66zi26VoTDv8yRgm0Fccecssto+MhsZ0D/DGW2sm8E8AjW7NU5VVTRt5GxbeZ5qBuJr+HyLYkjQ==

pify@^2.3.0:
  version "2.3.0"
  resolved "https://registry.yarnpkg.com/pify/-/pify-2.3.0.tgz#ed141a6ac043a849ea588498e7dca8b15330e90c"
  integrity sha1-7RQaasBDqEnqWISY59yosVMw6Qw=

postcss-attribute-case-insensitive@^5.0.0:
  version "5.0.0"
  resolved "https://registry.yarnpkg.com/postcss-attribute-case-insensitive/-/postcss-attribute-case-insensitive-5.0.0.tgz#39cbf6babf3ded1e4abf37d09d6eda21c644105c"
  integrity sha512-b4g9eagFGq9T5SWX4+USfVyjIb3liPnjhHHRMP7FMB2kFVpYyfEscV0wP3eaXhKlcHKUut8lt5BGoeylWA/dBQ==
  dependencies:
    postcss-selector-parser "^6.0.2"

postcss-color-functional-notation@^4.0.1:
  version "4.0.1"
  resolved "https://registry.yarnpkg.com/postcss-color-functional-notation/-/postcss-color-functional-notation-4.0.1.tgz#2fd769959e7fe658b4c0e7d40b0ab245fc8664f1"
  integrity sha512-qxD/7Q2rdmqJLSYxlJFJM9gVdyVLTBVrOUc+B6+KbOe4t2G2KnoI3HdimdK4PerGLqAqKnEVGgal7YKImm0g+w==
  dependencies:
    postcss-values-parser "6.0.1"

postcss-color-hex-alpha@^8.0.0:
  version "8.0.0"
  resolved "https://registry.yarnpkg.com/postcss-color-hex-alpha/-/postcss-color-hex-alpha-8.0.0.tgz#84bfd985a93b0a18e047ebcb5fd463e2cae5e7a6"
  integrity sha512-Z0xiE0j+hbefUj0LWOMkzmTIS7k+dqJKzLwoKww0KJhju/sWXr+84Yk7rmvFoML/4LjGpJgefZvDwExrsWfHZw==
  dependencies:
    postcss-values-parser "^6.0.0"

postcss-color-rebeccapurple@^7.0.0:
  version "7.0.0"
  resolved "https://registry.yarnpkg.com/postcss-color-rebeccapurple/-/postcss-color-rebeccapurple-7.0.0.tgz#980fbd98eb68ebbb38be02a82c7554e043c8fdf4"
  integrity sha512-+Ogw3SA0ESjjO87S8Dn+aAEHK6hFAWAVbTVnyXnmbV6Xh0TKi0vXpzhlKG/yrxujxtlgQcMQNQjg75uWWv28xA==
  dependencies:
    postcss-values-parser "^6"

postcss-custom-media@^8.0.0:
  version "8.0.0"
  resolved "https://registry.yarnpkg.com/postcss-custom-media/-/postcss-custom-media-8.0.0.tgz#1be6aff8be7dc9bf1fe014bde3b71b92bb4552f1"
  integrity sha512-FvO2GzMUaTN0t1fBULDeIvxr5IvbDXcIatt6pnJghc736nqNgsGao5NT+5+WVLAQiTt6Cb3YUms0jiPaXhL//g==

postcss-custom-properties@^12.0.0:
  version "12.0.0"
  resolved "https://registry.yarnpkg.com/postcss-custom-properties/-/postcss-custom-properties-12.0.0.tgz#fd01ec9bd1462336ea8af7ba3c1a2c47c203031e"
  integrity sha512-eAyX3rMjZKxdne6tWKjkWbNWfw6bbv4xTsrjNJ7C3uGDODrzbQXR+ueshRkw7Lhlhc3qyTmYH/sFfD0AbhgdSQ==
  dependencies:
    postcss-values-parser "^6"

postcss-custom-selectors@^6.0.0:
  version "6.0.0"
  resolved "https://registry.yarnpkg.com/postcss-custom-selectors/-/postcss-custom-selectors-6.0.0.tgz#022839e41fbf71c47ae6e316cb0e6213012df5ef"
  integrity sha512-/1iyBhz/W8jUepjGyu7V1OPcGbc636snN1yXEQCinb6Bwt7KxsiU7/bLQlp8GwAXzCh7cobBU5odNn/2zQWR8Q==
  dependencies:
    postcss-selector-parser "^6.0.4"

postcss-dir-pseudo-class@^6.0.0:
  version "6.0.0"
  resolved "https://registry.yarnpkg.com/postcss-dir-pseudo-class/-/postcss-dir-pseudo-class-6.0.0.tgz#7026a070a4849072a232eaf0cdd960de3013658d"
  integrity sha512-TC4eB5ZnLRSV1PLsAPualEjxFysU9IVEBx8h+Md2qzo8iWdNqwWCckx5fTWfe6dJxUpB0TWEpWEFhZ/YHvjSCA==
  dependencies:
    postcss-selector-parser "6.0.6"

postcss-double-position-gradients@^3.0.1:
  version "3.0.1"
  resolved "https://registry.yarnpkg.com/postcss-double-position-gradients/-/postcss-double-position-gradients-3.0.1.tgz#3c21ad52b6f13d81caf2563b0010a2c5872272af"
  integrity sha512-L18N4Y1gpKQPEnZ6JOxO3H5gswZzTNR+ZqruZG7cOtOF/GR6J1YBRKn5hdTn3Vs4Y9XuDqaBD8vIXFIEft9Jqw==
  dependencies:
    postcss-values-parser "6.0.1"

postcss-env-function@^4.0.2:
  version "4.0.2"
  resolved "https://registry.yarnpkg.com/postcss-env-function/-/postcss-env-function-4.0.2.tgz#5509d008ff0f069fa18bd2eace4f3fdb18150c28"
  integrity sha512-VXKv0Vskq7olS3Q2zj38G4au4PkW+YWBRgng2Czx0pP9PyqU6uzjS6uVU1VkJN8i0OTPM7g82YFUdiz/7pEvpg==
  dependencies:
    postcss-values-parser "6.0.1"

postcss-flexbugs-fixes@^5.0.2:
  version "5.0.2"
  resolved "https://registry.yarnpkg.com/postcss-flexbugs-fixes/-/postcss-flexbugs-fixes-5.0.2.tgz#2028e145313074fc9abe276cb7ca14e5401eb49d"
  integrity sha512-18f9voByak7bTktR2QgDveglpn9DTbBWPUzSOe9g0N4WR/2eSt6Vrcbf0hmspvMI6YWGywz6B9f7jzpFNJJgnQ==

postcss-focus-visible@^6.0.1:
  version "6.0.1"
  resolved "https://registry.yarnpkg.com/postcss-focus-visible/-/postcss-focus-visible-6.0.1.tgz#b12a859616eca7152976fec24ef337ab29bbc405"
  integrity sha512-UddLlBmJ78Nu7OrKME70EKxCPBdxTx7pKIyD3GDNRM8Tnq19zmscT9QzsvR8gygz0i0nNUjMtSz4N3AEWZ5R/Q==

postcss-focus-within@^5.0.1:
  version "5.0.1"
  resolved "https://registry.yarnpkg.com/postcss-focus-within/-/postcss-focus-within-5.0.1.tgz#615659122325d86e00bc8ed84ab6129d0b3a0f62"
  integrity sha512-50v1AZVlFSVzLTNdBQG521Aa54VABf/X1RkhR8Fm/9dDQby0W0XdwOnuo8Juvf0ZZXbKkxyTkyyQD0QaNVZVGg==

postcss-font-variant@^5.0.0:
  version "5.0.0"
  resolved "https://registry.yarnpkg.com/postcss-font-variant/-/postcss-font-variant-5.0.0.tgz#efd59b4b7ea8bb06127f2d031bfbb7f24d32fa66"
  integrity sha512-1fmkBaCALD72CK2a9i468mA/+tr9/1cBxRRMXOUaZqO43oWPR5imcyPjXwuv7PXbCid4ndlP5zWhidQVVa3hmA==

postcss-gap-properties@^3.0.0:
  version "3.0.0"
  resolved "https://registry.yarnpkg.com/postcss-gap-properties/-/postcss-gap-properties-3.0.0.tgz#8941c400df902247603fd915c7dc81e1d7686b15"
  integrity sha512-QJOkz1epC/iCuOdhQPm3n9T+F25+P+MYJEEcs5xz/Q+020mc9c6ZRGJkzPJd8FS9hFmT9eEKFEx9PEDl+lH5og==

postcss-image-set-function@^4.0.2:
  version "4.0.2"
  resolved "https://registry.yarnpkg.com/postcss-image-set-function/-/postcss-image-set-function-4.0.2.tgz#95b64db01b8812fcbece3bb36a3f2b8133bf7c91"
  integrity sha512-NbTOc3xOq/YjIJS8/UVnhI16NxRuCiEWjem0eYt87sKvjdpk00niQ9oVo3eSR+kmMKWIO979x3j5i1GYJNxe1A==
  dependencies:
    postcss-values-parser "6.0.1"

postcss-import@^14.0.2:
  version "14.0.2"
  resolved "https://registry.yarnpkg.com/postcss-import/-/postcss-import-14.0.2.tgz#60eff77e6be92e7b67fe469ec797d9424cae1aa1"
  integrity sha512-BJ2pVK4KhUyMcqjuKs9RijV5tatNzNa73e/32aBVE/ejYPe37iH+6vAu9WvqUkB5OAYgLHzbSvzHnorybJCm9g==
  dependencies:
    postcss-value-parser "^4.0.0"
    read-cache "^1.0.0"
    resolve "^1.1.7"

postcss-initial@^4.0.1:
  version "4.0.1"
  resolved "https://registry.yarnpkg.com/postcss-initial/-/postcss-initial-4.0.1.tgz#529f735f72c5724a0fb30527df6fb7ac54d7de42"
  integrity sha512-0ueD7rPqX8Pn1xJIjay0AZeIuDoF+V+VvMt/uOnn+4ezUKhZM/NokDeP6DwMNyIoYByuN/94IQnt5FEkaN59xQ==

postcss-lab-function@^4.0.1:
  version "4.0.1"
  resolved "https://registry.yarnpkg.com/postcss-lab-function/-/postcss-lab-function-4.0.1.tgz#b6a1fb1032ddd7f4f7198ca78ec84c9b5bc7d80e"
  integrity sha512-8F2keZUlUiX/tznbCZ5y3Bmx6pnc19kvL4oq+x+uoK0ZYQjUWmHDdVHBG6iMq2T0Fteu+AgGAo94UcIsL4ay2w==
  dependencies:
    "@csstools/convert-colors" "2.0.0"
    postcss-values-parser "6.0.1"

postcss-load-config@^3.1.0:
  version "3.1.0"
  resolved "https://registry.yarnpkg.com/postcss-load-config/-/postcss-load-config-3.1.0.tgz#d39c47091c4aec37f50272373a6a648ef5e97829"
  integrity sha512-ipM8Ds01ZUophjDTQYSVP70slFSYg3T0/zyfII5vzhN6V57YSxMgG5syXuwi5VtS8wSf3iL30v0uBdoIVx4Q0g==
  dependencies:
    import-cwd "^3.0.0"
    lilconfig "^2.0.3"
    yaml "^1.10.2"

postcss-logical@^5.0.0:
  version "5.0.0"
  resolved "https://registry.yarnpkg.com/postcss-logical/-/postcss-logical-5.0.0.tgz#f646ef6a3562890e1123a32e695d14cc271afb21"
  integrity sha512-fWEWMn/xf6F9SMzAD7OS0GTm8Qh1BlBmEbVT/YZGYhwipQEwOpO7YOOu+qnzLksDg9JjLRj5tLmeN8OW8+ogIA==

postcss-media-minmax@^5.0.0:
  version "5.0.0"
  resolved "https://registry.yarnpkg.com/postcss-media-minmax/-/postcss-media-minmax-5.0.0.tgz#7140bddec173e2d6d657edbd8554a55794e2a5b5"
  integrity sha512-yDUvFf9QdFZTuCUg0g0uNSHVlJ5X1lSzDZjPSFaiCWvjgsvu8vEVxtahPrLMinIDEEGnx6cBe6iqdx5YWz08wQ==

postcss-nesting@^10.0.2:
  version "10.0.2"
  resolved "https://registry.yarnpkg.com/postcss-nesting/-/postcss-nesting-10.0.2.tgz#0cf9e81712fe7b6c3005e7d884cce2cb0a06326e"
  integrity sha512-FdecapAKIe+kp6uLNW7icw1g1B2HRhAAfsNv/TPzopeM08gpUbnBpqKSVqxrCqLDwzQG854ZJn5I0BiJ35WvmA==
  dependencies:
    postcss-selector-parser "6.0.6"

postcss-overflow-shorthand@^3.0.0:
  version "3.0.0"
  resolved "https://registry.yarnpkg.com/postcss-overflow-shorthand/-/postcss-overflow-shorthand-3.0.0.tgz#f57631672333b302ffdcfc0735b8b7d0244c2a25"
  integrity sha512-4fTapLT68wUoIr4m3Z0sKn1NbXX0lJYvj4aDA2++KpNx8wMSVf55UuLPz0nSjXa7dV1p0xQHlJ0iFJRNrSY2mw==

postcss-page-break@^3.0.4:
  version "3.0.4"
  resolved "https://registry.yarnpkg.com/postcss-page-break/-/postcss-page-break-3.0.4.tgz#7fbf741c233621622b68d435babfb70dd8c1ee5f"
  integrity sha512-1JGu8oCjVXLa9q9rFTo4MbeeA5FMe00/9C7lN4va606Rdb+HkxXtXsmEDrIraQ11fGz/WvKWa8gMuCKkrXpTsQ==

postcss-place@^7.0.1:
  version "7.0.1"
  resolved "https://registry.yarnpkg.com/postcss-place/-/postcss-place-7.0.1.tgz#9fbd18b3d1d438d313b2a29f5a50424c8ebca28d"
  integrity sha512-X+vHHzqZjI4JbSoj3uYpL6rGRUHE1O9F8g+jBFn5U94U0t6GjJuL/xSN7tU6Pnm9tpfXioHfxwt9E8+JrCB9OQ==
  dependencies:
    postcss-values-parser "6.0.1"

postcss-preset-env@^7.0.1:
  version "7.0.1"
  resolved "https://registry.yarnpkg.com/postcss-preset-env/-/postcss-preset-env-7.0.1.tgz#7f1fc5ac38e60a8e5ff9a920396d936a830e6120"
  integrity sha512-oB7IJGwLBEwnao823mS2b9hqbp5Brm0EZKWRVROayjGwyPQVjY9gZpPZk/ItFakdx7GAPgv3ya+9R3KrUqCwYA==
  dependencies:
    autoprefixer "^10.4.0"
    browserslist "^4.17.5"
    caniuse-lite "^1.0.30001272"
    css-blank-pseudo "^2.0.0"
    css-has-pseudo "^2.0.0"
    css-prefers-color-scheme "^5.0.0"
    cssdb "^5.0.0"
    postcss "^8.3"
    postcss-attribute-case-insensitive "^5.0.0"
    postcss-color-functional-notation "^4.0.1"
    postcss-color-hex-alpha "^8.0.0"
    postcss-color-rebeccapurple "^7.0.0"
    postcss-custom-media "^8.0.0"
    postcss-custom-properties "^12.0.0"
    postcss-custom-selectors "^6.0.0"
    postcss-dir-pseudo-class "^6.0.0"
    postcss-double-position-gradients "^3.0.1"
    postcss-env-function "^4.0.2"
    postcss-focus-visible "^6.0.1"
    postcss-focus-within "^5.0.1"
    postcss-font-variant "^5.0.0"
    postcss-gap-properties "^3.0.0"
    postcss-image-set-function "^4.0.2"
    postcss-initial "^4.0.1"
    postcss-lab-function "^4.0.1"
    postcss-logical "^5.0.0"
    postcss-media-minmax "^5.0.0"
    postcss-nesting "^10.0.2"
    postcss-overflow-shorthand "^3.0.0"
    postcss-page-break "^3.0.4"
    postcss-place "^7.0.1"
    postcss-pseudo-class-any-link "^7.0.0"
    postcss-replace-overflow-wrap "^4.0.0"
    postcss-selector-not "^5.0.0"

postcss-pseudo-class-any-link@^7.0.0:
  version "7.0.0"
  resolved "https://registry.yarnpkg.com/postcss-pseudo-class-any-link/-/postcss-pseudo-class-any-link-7.0.0.tgz#b06483c8a241cee1e420f9ebd08680d4f95b2b20"
  integrity sha512-Q4KjHlyBo91nvW+wTDZHGYcjtlSSkYwxweMuq1g8+dx1S8qAnedItvHLnbdAAdqJCZP1is5dLqiI8TvfJ+cjVQ==
  dependencies:
    postcss-selector-parser "^6"

postcss-replace-overflow-wrap@^4.0.0:
  version "4.0.0"
  resolved "https://registry.yarnpkg.com/postcss-replace-overflow-wrap/-/postcss-replace-overflow-wrap-4.0.0.tgz#d2df6bed10b477bf9c52fab28c568b4b29ca4319"
  integrity sha512-KmF7SBPphT4gPPcKZc7aDkweHiKEEO8cla/GjcBK+ckKxiZslIu3C4GCRW3DNfL0o7yW7kMQu9xlZ1kXRXLXtw==

postcss-selector-not@^5.0.0:
  version "5.0.0"
  resolved "https://registry.yarnpkg.com/postcss-selector-not/-/postcss-selector-not-5.0.0.tgz#ac5fc506f7565dd872f82f5314c0f81a05630dc7"
  integrity sha512-/2K3A4TCP9orP4TNS7u3tGdRFVKqz/E6pX3aGnriPG0jU78of8wsUcqE4QAhWEU0d+WnMSF93Ah3F//vUtK+iQ==
  dependencies:
    balanced-match "^1.0.0"

postcss-selector-parser@6.0.6, postcss-selector-parser@^6.0.2:
  version "6.0.6"
  resolved "https://registry.yarnpkg.com/postcss-selector-parser/-/postcss-selector-parser-6.0.6.tgz#2c5bba8174ac2f6981ab631a42ab0ee54af332ea"
  integrity sha512-9LXrvaaX3+mcv5xkg5kFwqSzSH1JIObIx51PrndZwlmznwXRfxMddDvo9gve3gVR8ZTKgoFDdWkbRFmEhT4PMg==
  dependencies:
    cssesc "^3.0.0"
    util-deprecate "^1.0.2"

postcss-selector-parser@^6, postcss-selector-parser@^6.0.4:
  version "6.0.7"
  resolved "https://registry.yarnpkg.com/postcss-selector-parser/-/postcss-selector-parser-6.0.7.tgz#48404830a635113a71fd79397de8209ed05a66fc"
  integrity sha512-U+b/Deoi4I/UmE6KOVPpnhS7I7AYdKbhGcat+qTQ27gycvaACvNEw11ba6RrkwVmDVRW7sigWgLj4/KbbJjeDA==
  dependencies:
    cssesc "^3.0.0"
    util-deprecate "^1.0.2"

postcss-value-parser@^4.0.0:
  version "4.2.0"
  resolved "https://registry.yarnpkg.com/postcss-value-parser/-/postcss-value-parser-4.2.0.tgz#723c09920836ba6d3e5af019f92bc0971c02e514"
  integrity sha512-1NNCs6uurfkVbeXG4S8JFT9t19m45ICnif8zWLd5oPSZ50QnwMfK+H3jv408d4jw/7Bttv5axS5IiHoLaVNHeQ==

postcss-value-parser@^4.1.0:
  version "4.1.0"
  resolved "https://registry.yarnpkg.com/postcss-value-parser/-/postcss-value-parser-4.1.0.tgz#443f6a20ced6481a2bda4fa8532a6e55d789a2cb"
  integrity sha512-97DXOFbQJhk71ne5/Mt6cOu6yxsSfM0QGQyl0L25Gca4yGWEGJaig7l7gbCX623VqTBNGLRLaVUCnNkcedlRSQ==

postcss-values-parser@6.0.1, postcss-values-parser@^6, postcss-values-parser@^6.0.0:
  version "6.0.1"
  resolved "https://registry.yarnpkg.com/postcss-values-parser/-/postcss-values-parser-6.0.1.tgz#aeb5e4522c4aabeb1ebbb14122194b9c08069675"
  integrity sha512-hH3HREaFAEsVOzUgYiwvFggUqUvoIZoXD2OjhzY2CEM7uVDaQTKP5bmqbchCBoVvywsqiGVYhwC8p2wMUzpW+Q==
  dependencies:
    color-name "^1.1.4"
    is-url-superb "^4.0.0"
    quote-unquote "^1.0.0"

postcss@^8.3, postcss@^8.4.4:
  version "8.4.4"
  resolved "https://registry.yarnpkg.com/postcss/-/postcss-8.4.4.tgz#d53d4ec6a75fd62557a66bb41978bf47ff0c2869"
  integrity sha512-joU6fBsN6EIer28Lj6GDFoC/5yOZzLCfn0zHAn/MYXI7aPt4m4hK5KC5ovEZXy+lnCjmYIbQWngvju2ddyEr8Q==
  dependencies:
    nanoid "^3.1.30"
    picocolors "^1.0.0"
    source-map-js "^1.0.1"

qr-creator@^1.0.0:
  version "1.0.0"
  resolved "https://registry.yarnpkg.com/qr-creator/-/qr-creator-1.0.0.tgz#f350a8f0b5be02bd1fc1ef133a038a06ef8bc5ef"
  integrity sha512-C0cqfbS1P5hfqN4NhsYsUXePlk9BO+a45bAQ3xLYjBL3bOIFzoVEjs79Fado9u9BPBD3buHi3+vY+C8tHh4qMQ==

quote-unquote@^1.0.0:
  version "1.0.0"
  resolved "https://registry.yarnpkg.com/quote-unquote/-/quote-unquote-1.0.0.tgz#67a9a77148effeaf81a4d428404a710baaac8a0b"
  integrity sha1-Z6mncUjv/q+BpNQoQEpxC6qsigs=

read-cache@^1.0.0:
  version "1.0.0"
  resolved "https://registry.yarnpkg.com/read-cache/-/read-cache-1.0.0.tgz#e664ef31161166c9751cdbe8dbcf86b5fb58f774"
  integrity sha1-5mTvMRYRZsl1HNvo28+GtftY93Q=
  dependencies:
    pify "^2.3.0"

resolve-from@^5.0.0:
  version "5.0.0"
  resolved "https://registry.yarnpkg.com/resolve-from/-/resolve-from-5.0.0.tgz#c35225843df8f776df21c57557bc087e9dfdfc69"
  integrity sha512-qYg9KP24dD5qka9J47d0aVky0N+b4fTU89LN9iDnjB5waksiC49rvMB0PrUJQGoTmH50XPiqOvAjDfaijGxYZw==

resolve@^1.1.7:
  version "1.20.0"
  resolved "https://registry.yarnpkg.com/resolve/-/resolve-1.20.0.tgz#629a013fb3f70755d6f0b7935cc1c2c5378b1975"
  integrity sha512-wENBPt4ySzg4ybFQW2TT1zMQucPK95HSh/nq2CFTZVOGut2+pQvSsgtda4d26YrYcr067wjbmzOG8byDPBX63A==
  dependencies:
    is-core-module "^2.2.0"
    path-parse "^1.0.6"

safe-buffer@~5.1.1:
  version "5.1.2"
  resolved "https://registry.yarnpkg.com/safe-buffer/-/safe-buffer-5.1.2.tgz#991ec69d296e0313747d59bdfd2b745c35f8828d"
  integrity sha512-Gd2UZBJDkXlY7GbJxfsE8/nvKkUEU1G38c1siN6QP6a9PT9MmHB8GnpscSmMJSoF8LOIrt8ud/wPtojys4G6+g==

simple-swizzle@^0.2.2:
  version "0.2.2"
  resolved "https://registry.yarnpkg.com/simple-swizzle/-/simple-swizzle-0.2.2.tgz#a4da6b635ffcccca33f70d17cb92592de95e557a"
  integrity sha1-pNprY1/8zMoz9w0Xy5JZLeleVXo=
  dependencies:
    is-arrayish "^0.3.1"

smoothscroll-polyfill@^0.4.4:
  version "0.4.4"
  resolved "https://registry.yarnpkg.com/smoothscroll-polyfill/-/smoothscroll-polyfill-0.4.4.tgz#3a259131dc6930e6ca80003e1cb03b603b69abf8"
  integrity sha512-TK5ZA9U5RqCwMpfoMq/l1mrH0JAR7y7KRvOBx0n2869aLxch+gT9GhN3yUfjiw+d/DiF1mKo14+hd62JyMmoBg==

source-map-js@^1.0.1:
  version "1.0.1"
  resolved "https://registry.yarnpkg.com/source-map-js/-/source-map-js-1.0.1.tgz#a1741c131e3c77d048252adfa24e23b908670caf"
  integrity sha512-4+TN2b3tqOCd/kaGRJ/sTYA0tR0mdXx26ipdolxcwtJVqEnqNYvlCAt1q3ypy4QMlYus+Zh34RNtYLoq2oQ4IA==

util-deprecate@^1.0.2:
  version "1.0.2"
  resolved "https://registry.yarnpkg.com/util-deprecate/-/util-deprecate-1.0.2.tgz#450d4dc9fa70de732762fbd2d4a28981419a0ccf"
  integrity sha1-RQ1Nyfpw3nMnYvvS1KKJgUGaDM8=

wrappy@1:
  version "1.0.2"
  resolved "https://registry.yarnpkg.com/wrappy/-/wrappy-1.0.2.tgz#b5243d8f3ec1aa35f1364605bc0d1036e30ab69f"
  integrity sha1-tSQ9jz7BqjXxNkYFvA0QNuMKtp8=

yaml@^1.10.2:
  version "1.10.2"
  resolved "https://registry.yarnpkg.com/yaml/-/yaml-1.10.2.tgz#2301c5ffbf12b467de8da2333a459e29e7920e4b"
  integrity sha512-r3vXyErRCYJ7wg28yvBY5VSoAF8ZvlcW9/BwUzEtUsjvX/DKs24dIkuwjtuprwJJHsbyUbLApepYTR1BN4uHrg==
